
Microsoft Visual Studio Solution File, Format Version 12.00
# Visual Studio 15
VisualStudioVersion = 15.0.28010.2026
MinimumVisualStudioVersion = 10.0.40219.1
Project("{FAE04EC0-301F-11D3-BF4B-00C04F79EFBC}") = "KursovaArhiv", "KursovaArhiv\KursovaArhiv.csproj", "{F810DC3F-1629-41D3-A172-EE2B494792BD}"
EndProject
Global
	GlobalSection(SolutionConfigurationPlatforms) = preSolution
		Debug|Any CPU = Debug|Any CPU
		Release|Any CPU = Release|Any CPU
	EndGlobalSection
	GlobalSection(ProjectConfigurationPlatforms) = postSolution
		{F810DC3F-1629-41D3-A172-EE2B494792BD}.Debug|Any CPU.ActiveCfg = Debug|Any CPU
		{F810DC3F-1629-41D3-A172-EE2B494792BD}.Debug|Any CPU.Build.0 = Debug|Any CPU
		{F810DC3F-1629-41D3-A172-EE2B494792BD}.Release|Any CPU.ActiveCfg = Release|Any CPU
		{F810DC3F-1629-41D3-A172-EE2B494792BD}.Release|Any CPU.Build.0 = Release|Any CPU
	EndGlobalSection
	GlobalSection(SolutionProperties) = preSolution
		HideSolutionNode = FALSE
	EndGlobalSection
	GlobalSection(ExtensibilityGlobals) = postSolution
		SolutionGuid = {5FF20F51-A7BE-47AA-9DD9-8CAEACBFBF44}
	EndGlobalSection
EndGlobal
